
Microsoft Visual Studio Solution File, Format Version 12.00
# Visual Studio Version 17
VisualStudioVersion = 17.8.34330.188
MinimumVisualStudioVersion = 10.0.40219.1
Project("{FAE04EC0-301F-11D3-BF4B-00C04F79EFBC}") = "Estacionamento-console", "Estacionamento-console\Estacionamento-console.csproj", "{A141B217-40EF-4AF2-A20D-2ED263B455E7}"
EndProject
Global
	GlobalSection(SolutionConfigurationPlatforms) = preSolution
		Debug|Any CPU = Debug|Any CPU
		Release|Any CPU = Release|Any CPU
	EndGlobalSection
	GlobalSection(ProjectConfigurationPlatforms) = postSolution
		{A141B217-40EF-4AF2-A20D-2ED263B455E7}.Debug|Any CPU.ActiveCfg = Debug|Any CPU
		{A141B217-40EF-4AF2-A20D-2ED263B455E7}.Debug|Any CPU.Build.0 = Debug|Any CPU
		{A141B217-40EF-4AF2-A20D-2ED263B455E7}.Release|Any CPU.ActiveCfg = Release|Any CPU
		{A141B217-40EF-4AF2-A20D-2ED263B455E7}.Release|Any CPU.Build.0 = Release|Any CPU
	EndGlobalSection
	GlobalSection(SolutionProperties) = preSolution
		HideSolutionNode = FALSE
	EndGlobalSection
	GlobalSection(ExtensibilityGlobals) = postSolution
		SolutionGuid = {6F968863-27FE-46B7-8E08-7A94FFCB2FA1}
	EndGlobalSection
EndGlobal
